{
    "name": "common-lisp",
    "version": "0.1.4",
    "lockfileVersion": 2,
    "requires": true,
    "packages": {
        "": {
            "name": "common-lisp",
            "version": "0.1.4",
            "license": "MIT",
            "engines": {
                "vscode": "^1.54.0"
            }
        }
    }
}
